
Microsoft Visual Studio Solution File, Format Version 12.00
# Visual Studio Version 17
VisualStudioVersion = 17.1.32421.90
MinimumVisualStudioVersion = 10.0.40219.1
Project("{FAE04EC0-301F-11D3-BF4B-00C04F79EFBC}") = "ObjectDataPacker", "ObjectDataPacker.csproj", "{F30EC745-B51C-486D-BF1D-C429EF5F5B29}"
EndProject
Global
	GlobalSection(SolutionConfigurationPlatforms) = preSolution
		Debug|Any CPU = Debug|Any CPU
		Release|Any CPU = Release|Any CPU
	EndGlobalSection
	GlobalSection(ProjectConfigurationPlatforms) = postSolution
		{F30EC745-B51C-486D-BF1D-C429EF5F5B29}.Debug|Any CPU.ActiveCfg = Debug|Any CPU
		{F30EC745-B51C-486D-BF1D-C429EF5F5B29}.Debug|Any CPU.Build.0 = Debug|Any CPU
		{F30EC745-B51C-486D-BF1D-C429EF5F5B29}.Release|Any CPU.ActiveCfg = Release|Any CPU
		{F30EC745-B51C-486D-BF1D-C429EF5F5B29}.Release|Any CPU.Build.0 = Release|Any CPU
	EndGlobalSection
	GlobalSection(SolutionProperties) = preSolution
		HideSolutionNode = FALSE
	EndGlobalSection
	GlobalSection(ExtensibilityGlobals) = postSolution
		SolutionGuid = {4F3047F9-3981-4A16-8F19-BEA4D60F7B87}
	EndGlobalSection
EndGlobal
